
Microsoft Visual Studio Solution File, Format Version 12.00
# Visual Studio Version 17
VisualStudioVersion = 17.2.32519.379
MinimumVisualStudioVersion = 10.0.40219.1
Project("{FAE04EC0-301F-11D3-BF4B-00C04F79EFBC}") = "Task1", "Unit9final\Task1.csproj", "{1E1C011D-E8ED-4FCC-82B0-5F846278E3A7}"
EndProject
Project("{FAE04EC0-301F-11D3-BF4B-00C04F79EFBC}") = "Task2", "Task2\Task2.csproj", "{267E0C91-9116-4281-BBAD-C8D557C55AD4}"
EndProject
Global
	GlobalSection(SolutionConfigurationPlatforms) = preSolution
		Debug|Any CPU = Debug|Any CPU
		Release|Any CPU = Release|Any CPU
	EndGlobalSection
	GlobalSection(ProjectConfigurationPlatforms) = postSolution
		{1E1C011D-E8ED-4FCC-82B0-5F846278E3A7}.Debug|Any CPU.ActiveCfg = Debug|Any CPU
		{1E1C011D-E8ED-4FCC-82B0-5F846278E3A7}.Debug|Any CPU.Build.0 = Debug|Any CPU
		{1E1C011D-E8ED-4FCC-82B0-5F846278E3A7}.Release|Any CPU.ActiveCfg = Release|Any CPU
		{1E1C011D-E8ED-4FCC-82B0-5F846278E3A7}.Release|Any CPU.Build.0 = Release|Any CPU
		{267E0C91-9116-4281-BBAD-C8D557C55AD4}.Debug|Any CPU.ActiveCfg = Debug|Any CPU
		{267E0C91-9116-4281-BBAD-C8D557C55AD4}.Debug|Any CPU.Build.0 = Debug|Any CPU
		{267E0C91-9116-4281-BBAD-C8D557C55AD4}.Release|Any CPU.ActiveCfg = Release|Any CPU
		{267E0C91-9116-4281-BBAD-C8D557C55AD4}.Release|Any CPU.Build.0 = Release|Any CPU
	EndGlobalSection
	GlobalSection(SolutionProperties) = preSolution
		HideSolutionNode = FALSE
	EndGlobalSection
	GlobalSection(ExtensibilityGlobals) = postSolution
		SolutionGuid = {505CBF6D-3838-45F7-ADD7-2A07DB918942}
	EndGlobalSection
EndGlobal
